
Microsoft Visual Studio Solution File, Format Version 12.00
# Visual Studio Version 16
VisualStudioVersion = 16.0.31019.35
MinimumVisualStudioVersion = 10.0.40219.1
Project("{2150E333-8FDC-42A3-9474-1A3956D46DE8}") = "1-Application", "1-Application", "{09E85282-5C61-4EEF-A5E7-BB684675EA90}"
EndProject
Project("{2150E333-8FDC-42A3-9474-1A3956D46DE8}") = "2-Domain", "2-Domain", "{6A627F3B-51A3-4C78-80B2-A003B9EF1448}"
EndProject
Project("{2150E333-8FDC-42A3-9474-1A3956D46DE8}") = "3-Service", "3-Service", "{420C1584-5ADB-4BE8-8078-D0B85AE42FDE}"
EndProject
Project("{2150E333-8FDC-42A3-9474-1A3956D46DE8}") = "4-Data", "4-Data", "{BAE0B486-6DD5-4D7F-B8A1-0D2DC9314A31}"
EndProject
Project("{9A19103F-16F7-4668-BE54-9A1E7A4F7556}") = "Styme.API", "src\Styme.API\Styme.API.csproj", "{FE390FF2-9B89-4165-AAE7-3483BFB98BBD}"
EndProject
Project("{9A19103F-16F7-4668-BE54-9A1E7A4F7556}") = "Styme.Domain", "src\Styme.Domain\Styme.Domain.csproj", "{E57AC4F5-94ED-405E-B8D1-A96C24B49A97}"
EndProject
Project("{9A19103F-16F7-4668-BE54-9A1E7A4F7556}") = "Styme.Service", "src\Styme.Service\Styme.Service.csproj", "{668D6103-3EE3-4E45-AF91-6E081A8C54F6}"
EndProject
Project("{9A19103F-16F7-4668-BE54-9A1E7A4F7556}") = "Styme.Data", "src\Styme.Data\Styme.Data.csproj", "{9F1B203B-6969-4A3D-8402-E7E0170932B3}"
EndProject
Project("{2150E333-8FDC-42A3-9474-1A3956D46DE8}") = "src", "src", "{6F4579E1-05F6-4B0D-B59A-2DF735802B06}"
EndProject
Project("{2150E333-8FDC-42A3-9474-1A3956D46DE8}") = "tests", "tests", "{F6C6E6CD-6844-419B-A558-FFD9ABC2F02D}"
EndProject
Project("{FAE04EC0-301F-11D3-BF4B-00C04F79EFBC}") = "Styme.Service.Tests", "Styme.Service.Tests\Styme.Service.Tests.csproj", "{03CEB5C7-E4C2-41F5-B386-1A160870164B}"
EndProject
Global
	GlobalSection(SolutionConfigurationPlatforms) = preSolution
		Debug|Any CPU = Debug|Any CPU
		Release|Any CPU = Release|Any CPU
	EndGlobalSection
	GlobalSection(ProjectConfigurationPlatforms) = postSolution
		{FE390FF2-9B89-4165-AAE7-3483BFB98BBD}.Debug|Any CPU.ActiveCfg = Debug|Any CPU
		{FE390FF2-9B89-4165-AAE7-3483BFB98BBD}.Debug|Any CPU.Build.0 = Debug|Any CPU
		{FE390FF2-9B89-4165-AAE7-3483BFB98BBD}.Release|Any CPU.ActiveCfg = Release|Any CPU
		{FE390FF2-9B89-4165-AAE7-3483BFB98BBD}.Release|Any CPU.Build.0 = Release|Any CPU
		{E57AC4F5-94ED-405E-B8D1-A96C24B49A97}.Debug|Any CPU.ActiveCfg = Debug|Any CPU
		{E57AC4F5-94ED-405E-B8D1-A96C24B49A97}.Debug|Any CPU.Build.0 = Debug|Any CPU
		{E57AC4F5-94ED-405E-B8D1-A96C24B49A97}.Release|Any CPU.ActiveCfg = Release|Any CPU
		{E57AC4F5-94ED-405E-B8D1-A96C24B49A97}.Release|Any CPU.Build.0 = Release|Any CPU
		{668D6103-3EE3-4E45-AF91-6E081A8C54F6}.Debug|Any CPU.ActiveCfg = Debug|Any CPU
		{668D6103-3EE3-4E45-AF91-6E081A8C54F6}.Debug|Any CPU.Build.0 = Debug|Any CPU
		{668D6103-3EE3-4E45-AF91-6E081A8C54F6}.Release|Any CPU.ActiveCfg = Release|Any CPU
		{668D6103-3EE3-4E45-AF91-6E081A8C54F6}.Release|Any CPU.Build.0 = Release|Any CPU
		{9F1B203B-6969-4A3D-8402-E7E0170932B3}.Debug|Any CPU.ActiveCfg = Debug|Any CPU
		{9F1B203B-6969-4A3D-8402-E7E0170932B3}.Debug|Any CPU.Build.0 = Debug|Any CPU
		{9F1B203B-6969-4A3D-8402-E7E0170932B3}.Release|Any CPU.ActiveCfg = Release|Any CPU
		{9F1B203B-6969-4A3D-8402-E7E0170932B3}.Release|Any CPU.Build.0 = Release|Any CPU
		{03CEB5C7-E4C2-41F5-B386-1A160870164B}.Debug|Any CPU.ActiveCfg = Debug|Any CPU
		{03CEB5C7-E4C2-41F5-B386-1A160870164B}.Debug|Any CPU.Build.0 = Debug|Any CPU
		{03CEB5C7-E4C2-41F5-B386-1A160870164B}.Release|Any CPU.ActiveCfg = Release|Any CPU
		{03CEB5C7-E4C2-41F5-B386-1A160870164B}.Release|Any CPU.Build.0 = Release|Any CPU
	EndGlobalSection
	GlobalSection(SolutionProperties) = preSolution
		HideSolutionNode = FALSE
	EndGlobalSection
	GlobalSection(NestedProjects) = preSolution
		{09E85282-5C61-4EEF-A5E7-BB684675EA90} = {6F4579E1-05F6-4B0D-B59A-2DF735802B06}
		{6A627F3B-51A3-4C78-80B2-A003B9EF1448} = {6F4579E1-05F6-4B0D-B59A-2DF735802B06}
		{420C1584-5ADB-4BE8-8078-D0B85AE42FDE} = {6F4579E1-05F6-4B0D-B59A-2DF735802B06}
		{BAE0B486-6DD5-4D7F-B8A1-0D2DC9314A31} = {6F4579E1-05F6-4B0D-B59A-2DF735802B06}
		{FE390FF2-9B89-4165-AAE7-3483BFB98BBD} = {09E85282-5C61-4EEF-A5E7-BB684675EA90}
		{E57AC4F5-94ED-405E-B8D1-A96C24B49A97} = {6A627F3B-51A3-4C78-80B2-A003B9EF1448}
		{668D6103-3EE3-4E45-AF91-6E081A8C54F6} = {420C1584-5ADB-4BE8-8078-D0B85AE42FDE}
		{9F1B203B-6969-4A3D-8402-E7E0170932B3} = {BAE0B486-6DD5-4D7F-B8A1-0D2DC9314A31}
		{03CEB5C7-E4C2-41F5-B386-1A160870164B} = {F6C6E6CD-6844-419B-A558-FFD9ABC2F02D}
	EndGlobalSection
	GlobalSection(ExtensibilityGlobals) = postSolution
		SolutionGuid = {522758E1-D1CF-4441-892D-E7ECADEA7616}
	EndGlobalSection
EndGlobal
